// !$*UTF8*$!
{
	archiveVersion = 1;
	classes = {
	};
	objectVersion = 46;
	objects = {

/* Begin PBXBuildFile section */
		559289C31D6101FF008C20EF /* AppDelegate.swift in Sources */ = {isa = PBXBuildFile; fileRef = 559289C21D6101FF008C20EF /* AppDelegate.swift */; };
		559289C51D6101FF008C20EF /* ViewController.swift in Sources */ = {isa = PBXBuildFile; fileRef = 559289C41D6101FF008C20EF /* ViewController.swift */; };
		559289C81D6101FF008C20EF /* Main.storyboard in Resources */ = {isa = PBXBuildFile; fileRef = 559289C61D6101FF008C20EF /* Main.storyboard */; };
		559289CA1D6101FF008C20EF /* Assets.xcassets in Resources */ = {isa = PBXBuildFile; fileRef = 559289C91D6101FF008C20EF /* Assets.xcassets */; };
		559289CD1D6101FF008C20EF /* LaunchScreen.storyboard in Resources */ = {isa = PBXBuildFile; fileRef = 559289CB1D6101FF008C20EF /* LaunchScreen.storyboard */; };
		559289D51D610248008C20EF /* Datos.swift in Sources */ = {isa = PBXBuildFile; fileRef = 559289D41D610248008C20EF /* Datos.swift */; };
/* End PBXBuildFile section */

/* Begin PBXFileReference section */
		559289BF1D6101FF008C20EF /* Hamburguesas.app */ = {isa = PBXFileReference; explicitFileType = wrapper.application; includeInIndex = 0; path = Hamburguesas.app; sourceTree = BUILT_PRODUCTS_DIR; };
		559289C21D6101FF008C20EF /* AppDelegate.swift */ = {isa = PBXFileReference; lastKnownFileType = sourcecode.swift; path = AppDelegate.swift; sourceTree = "<group>"; };
		559289C41D6101FF008C20EF /* ViewController.swift */ = {isa = PBXFileReference; lastKnownFileType = sourcecode.swift; path = ViewController.swift; sourceTree = "<group>"; };
		559289C71D6101FF008C20EF /* Base */ = {isa = PBXFileReference; lastKnownFileType = file.storyboard; name = Base; path = Base.lproj/Main.storyboard; sourceTree = "<group>"; };
		559289C91D6101FF008C20EF /* Assets.xcassets */ = {isa = PBXFileReference; lastKnownFileType = folder.assetcatalog; path = Assets.xcassets; sourceTree = "<group>"; };
		559289CC1D6101FF008C20EF /* Base */ = {isa = PBXFileReference; lastKnownFileType = file.storyboard; name = Base; path = Base.lproj/LaunchScreen.storyboard; sourceTree = "<group>"; };
		559289CE1D6101FF008C20EF /* Info.plist */ = {isa = PBXFileReference; lastKnownFileType = text.plist.xml; path = Info.plist; sourceTree = "<group>"; };
		559289D41D610248008C20EF /* Datos.swift */ = {isa = PBXFileReference; fileEncoding = 4; lastKnownFileType = sourcecode.swift; path = Datos.swift; sourceTree = "<group>"; };
		559289D61D6103BD008C20EF /* pruebas.playground */ = {isa = PBXFileReference; lastKnownFileType = file.playground; path = pruebas.playground; sourceTree = "<group>"; };
/* End PBXFileReference section */

/* Begin PBXFrameworksBuildPhase section */
		559289BC1D6101FD008C20EF /* Frameworks */ = {
			isa = PBXFrameworksBuildPhase;
			buildActionMask = 2147483647;
			files = (
			);
			runOnlyForDeploymentPostprocessing = 0;
		};
/* End PBXFrameworksBuildPhase section */

/* Begin PBXGroup section */
		559289B61D6101FC008C20EF = {
			isa = PBXGroup;
			children = (
				559289C11D6101FF008C20EF /* Hamburguesas */,
				559289C01D6101FF008C20EF /* Products */,
			);
			sourceTree = "<group>";
		};
		559289C01D6101FF008C20EF /* Products */ = {
			isa = PBXGroup;
			children = (
				559289BF1D6101FF008C20EF /* Hamburguesas.app */,
			);
			name = Products;
			sourceTree = "<group>";
		};
		559289C11D6101FF008C20EF /* Hamburguesas */ = {
			isa = PBXGroup;
			children = (
				559289C21D6101FF008C20EF /* AppDelegate.swift */,
				559289C41D6101FF008C20EF /* ViewController.swift */,
				559289C61D6101FF008C20EF /* Main.storyboard */,
				559289C91D6101FF008C20EF /* Assets.xcassets */,
				559289CB1D6101FF008C20EF /* LaunchScreen.storyboard */,
				559289CE1D6101FF008C20EF /* Info.plist */,
				559289D41D610248008C20EF /* Datos.swift */,
				559289D61D6103BD008C20EF /* pruebas.playground */,
			);
			path = Hamburguesas;
			sourceTree = "<group>";
		};
/* End PBXGroup section */

/* Begin PBXNativeTarget section */
		559289BE1D6101FD008C20EF /* Hamburguesas */ = {
			isa = PBXNativeTarget;
			buildConfigurationList = 559289D11D6101FF008C20EF /* Build configuration list for PBXNativeTarget "Hamburguesas" */;
			buildPhases = (
				559289BB1D6101FD008C20EF /* Sources */,
				559289BC1D6101FD008C20EF /* Frameworks */,
				559289BD1D6101FD008C20EF /* Resources */,
			);
			buildRules = (
			);
			dependencies = (
			);
			name = Hamburguesas;
			productName = Hamburguesas;
			productReference = 559289BF1D6101FF008C20EF /* Hamburguesas.app */;
			productType = "com.apple.product-type.application";
		};
/* End PBXNativeTarget section */

/* Begin PBXProject section */
		559289B71D6101FC008C20EF /* Project object */ = {
			isa = PBXProject;
			attributes = {
				LastSwiftUpdateCheck = 0800;
				LastUpgradeCheck = 0800;
				ORGANIZATIONNAME = "Pablo Horstrand Andaluz";
				TargetAttributes = {
					559289BE1D6101FD008C20EF = {
						CreatedOnToolsVersion = 8.0;
						DevelopmentTeam = 8KC93YJ5V5;
						ProvisioningStyle = Automatic;
					};
				};
			};
			buildConfigurationList = 559289BA1D6101FC008C20EF /* Build configuration list for PBXProject "Hamburguesas" */;
			compatibilityVersion = "Xcode 3.2";
			developmentRegion = English;
			hasScannedForEncodings = 0;
			knownRegions = (
				en,
				Base,
			);
			mainGroup = 559289B61D6101FC008C20EF;
			productRefGroup = 559289C01D6101FF008C20EF /* Products */;
			projectDirPath = "";
			projectRoot = "";
			targets = (
				559289BE1D6101FD008C20EF /* Hamburguesas */,
			);
		};
/* End PBXProject section */

/* Begin PBXResourcesBuildPhase section */
		559289BD1D6101FD008C20EF /* Resources */ = {
			isa = PBXResourcesBuildPhase;
			buildActionMask = 2147483647;
			files = (
				559289CD1D6101FF008C20EF /* LaunchScreen.storyboard in Resources */,
				559289CA1D6101FF008C20EF /* Assets.xcassets in Resources */,
				559289C81D6101FF008C20EF /* Main.storyboard in Resources */,
			);
			runOnlyForDeploymentPostprocessing = 0;
		};
/* End PBXResourcesBuildPhase section */

/* Begin PBXSourcesBuildPhase section */
		559289BB1D6101FD008C20EF /* Sources */ = {
			isa = PBXSourcesBuildPhase;
			buildActionMask = 2147483647;
			files = (
				559289C51D6101FF008C20EF /* ViewController.swift in Sources */,
				559289C31D6101FF008C20EF /* AppDelegate.swift in Sources */,
				559289D51D610248008C20EF /* Datos.swift in Sources */,
			);
			runOnlyForDeploymentPostprocessing = 0;
		};
/* End PBXSourcesBuildPhase section */

/* Begin PBXVariantGroup section */
		559289C61D6101FF008C20EF /* Main.storyboard */ = {
			isa = PBXVariantGroup;
			children = (
				559289C71D6101FF008C20EF /* Base */,
			);
			name = Main.storyboard;
			sourceTree = "<group>";
		};
		559289CB1D6101FF008C20EF /* LaunchScreen.storyboard */ = {
			isa = PBXVariantGroup;
			children = (
				559289CC1D6101FF008C20EF /* Base */,
			);
			name = LaunchScreen.storyboard;
			sourceTree = "<group>";
		};
/* End PBXVariantGroup section */

/* Begin XCBuildConfiguration section */
		559289CF1D6101FF008C20EF /* Debug */ = {
			isa = XCBuildConfiguration;
			buildSettings = {
				ALWAYS_SEARCH_USER_PATHS = NO;
				CLANG_ANALYZER_NONNULL = YES;
				CLANG_CXX_LANGUAGE_STANDARD = "gnu++0x";
				CLANG_CXX_LIBRARY = "libc++";
				CLANG_ENABLE_MODULES = YES;
				CLANG_ENABLE_OBJC_ARC = YES;
				CLANG_WARN_BOOL_CONVERSION = YES;
				CLANG_WARN_CONSTANT_CONVERSION = YES;
				CLANG_WARN_DIRECT_OBJC_ISA_USAGE = YES_ERROR;
				CLANG_WARN_DOCUMENTATION_COMMENTS = YES;
				CLANG_WARN_EMPTY_BODY = YES;
				CLANG_WARN_ENUM_CONVERSION = YES;
				CLANG_WARN_INFINITE_RECURSION = YES;
				CLANG_WARN_INT_CONVERSION = YES;
				CLANG_WARN_OBJC_ROOT_CLASS = YES_ERROR;
				CLANG_WARN_SUSPICIOUS_MOVES = YES;
				CLANG_WARN_UNREACHABLE_CODE = YES;
				CLANG_WARN__DUPLICATE_METHOD_MATCH = YES;
				"CODE_SIGN_IDENTITY[sdk=iphoneos*]" = "iPhone Developer";
				COPY_PHASE_STRIP = NO;
				DEBUG_INFORMATION_FORMAT = dwarf;
				ENABLE_STRICT_OBJC_MSGSEND = YES;
				ENABLE_TESTABILITY = YES;
				GCC_C_LANGUAGE_STANDARD = gnu99;
				GCC_DYNAMIC_NO_PIC = NO;
				GCC_NO_COMMON_BLOCKS = YES;
				GCC_OPTIMIZATION_LEVEL = 0;
				GCC_PREPROCESSOR_DEFINITIONS = (
					"DEBUG=1",
					"$(inherited)",
				);
				GCC_WARN_64_TO_32_BIT_CONVERSION = YES;
				GCC_WARN_ABOUT_RETURN_TYPE = YES_ERROR;
				GCC_WARN_UNDECLARED_SELECTOR = YES;
				GCC_WARN_UNINITIALIZED_AUTOS = YES_AGGRESSIVE;
				GCC_WARN_UNUSED_FUNCTION = YES;
				GCC_WARN_UNUSED_VARIABLE = YES;
				IPHONEOS_DEPLOYMENT_TARGET = 10.0;
				MTL_ENABLE_DEBUG_INFO = YES;
				ONLY_ACTIVE_ARCH = YES;
				SDKROOT = iphoneos;
				SWIFT_ACTIVE_COMPILATION_CONDITIONS = DEBUG;
				SWIFT_OPTIMIZATION_LEVEL = "-Onone";
			};
			name = Debug;
		};
		559289D01D6101FF008C20EF /* Release */ = {
			isa = XCBuildConfiguration;
			buildSettings = {
				ALWAYS_SEARCH_USER_PATHS = NO;
				CLANG_ANALYZER_NONNULL = YES;
				CLANG_CXX_LANGUAGE_STANDARD = "gnu++0x";
				CLANG_CXX_LIBRARY = "libc++";
				CLANG_ENABLE_MODULES = YES;
				CLANG_ENABLE_OBJC_ARC = YES;
				CLANG_WARN_BOOL_CONVERSION = YES;
				CLANG_WARN_CONSTANT_CONVERSION = YES;
				CLANG_WARN_DIRECT_OBJC_ISA_USAGE = YES_ERROR;
				CLANG_WARN_DOCUMENTATION_COMMENTS = YES;
				CLANG_WARN_EMPTY_BODY = YES;
				CLANG_WARN_ENUM_CONVERSION = YES;
				CLANG_WARN_INFINITE_RECURSION = YES;
				CLANG_WARN_INT_CONVERSION = YES;
				CLANG_WARN_OBJC_ROOT_CLASS = YES_ERROR;
				CLANG_WARN_SUSPICIOUS_MOVES = YES;
				CLANG_WARN_UNREACHABLE_CODE = YES;
				CLANG_WARN__DUPLICATE_METHOD_MATCH = YES;
				"CODE_SIGN_IDENTITY[sdk=iphoneos*]" = "iPhone Developer";
				COPY_PHASE_STRIP = NO;
				DEBUG_INFORMATION_FORMAT = "dwarf-with-dsym";
				ENABLE_NS_ASSERTIONS = NO;
				ENABLE_STRICT_OBJC_MSGSEND = YES;
				GCC_C_LANGUAGE_STANDARD = gnu99;
				GCC_NO_COMMON_BLOCKS = YES;
				GCC_WARN_64_TO_32_BIT_CONVERSION = YES;
				GCC_WARN_ABOUT_RETURN_TYPE = YES_ERROR;
				GCC_WARN_UNDECLARED_SELECTOR = YES;
				GCC_WARN_UNINITIALIZED_AUTOS = YES_AGGRESSIVE;
				GCC_WARN_UNUSED_FUNCTION = YES;
				GCC_WARN_UNUSED_VARIABLE = YES;
				IPHONEOS_DEPLOYMENT_TARGET = 10.0;
				MTL_ENABLE_DEBUG_INFO = NO;
				SDKROOT = iphoneos;
				SWIFT_OPTIMIZATION_LEVEL = "-Owholemodule";
				VALIDATE_PRODUCT = YES;
			};
			name = Release;
		};
		559289D21D6101FF008C20EF /* Debug */ = {
			isa = XCBuildConfiguration;
			buildSettings = {
				ASSETCATALOG_COMPILER_APPICON_NAME = AppIcon;
				DEVELOPMENT_TEAM = 8KC93YJ5V5;
				INFOPLIST_FILE = Hamburguesas/Info.plist;
				LD_RUNPATH_SEARCH_PATHS = "$(inherited) @executable_path/Frameworks";
				PRODUCT_BUNDLE_IDENTIFIER = com.yourcompany.Hamburguesas;
				PRODUCT_NAME = "$(TARGET_NAME)";
				SWIFT_VERSION = 3.0;
			};
			name = Debug;
		};
		559289D31D6101FF008C20EF /* Release */ = {
			isa = XCBuildConfiguration;
			buildSettings = {
				ASSETCATALOG_COMPILER_APPICON_NAME = AppIcon;
				DEVELOPMENT_TEAM = 8KC93YJ5V5;
				INFOPLIST_FILE = Hamburguesas/Info.plist;
				LD_RUNPATH_SEARCH_PATHS = "$(inherited) @executable_path/Frameworks";
				PRODUCT_BUNDLE_IDENTIFIER = com.yourcompany.Hamburguesas;
				PRODUCT_NAME = "$(TARGET_NAME)";
				SWIFT_VERSION = 3.0;
			};
			name = Release;
		};
/* End XCBuildConfiguration section */

/* Begin XCConfigurationList section */
		559289BA1D6101FC008C20EF /* Build configuration list for PBXProject "Hamburguesas" */ = {
			isa = XCConfigurationList;
			buildConfigurations = (
				559289CF1D6101FF008C20EF /* Debug */,
				559289D01D6101FF008C20EF /* Release */,
			);
			defaultConfigurationIsVisible = 0;
			defaultConfigurationName = Release;
		};
		559289D11D6101FF008C20EF /* Build configuration list for PBXNativeTarget "Hamburguesas" */ = {
			isa = XCConfigurationList;
			buildConfigurations = (
				559289D21D6101FF008C20EF /* Debug */,
				559289D31D6101FF008C20EF /* Release */,
			);
			defaultConfigurationIsVisible = 0;
		};
/* End XCConfigurationList section */
	};
	rootObject = 559289B71D6101FC008C20EF /* Project object */;
}
